// !$*UTF8*$!
{
	archiveVersion = 1;
	classes = {
	};
	objectVersion = 56;
	objects = {

/* Begin PBXBuildFile section */
		A907F44C2BB6268900F0C500 /* AppDelegate.swift in Sources */ = {isa = PBXBuildFile; fileRef = A907F44B2BB6268900F0C500 /* AppDelegate.swift */; };
		A907F44E2BB6268900F0C500 /* MainViewController.swift in Sources */ = {isa = PBXBuildFile; fileRef = A907F44D2BB6268900F0C500 /* MainViewController.swift */; };
		A907F4502BB6268C00F0C500 /* Assets.xcassets in Resources */ = {isa = PBXBuildFile; fileRef = A907F44F2BB6268C00F0C500 /* Assets.xcassets */; };
		A907F4532BB6268C00F0C500 /* Main.storyboard in Resources */ = {isa = PBXBuildFile; fileRef = A907F4512BB6268C00F0C500 /* Main.storyboard */; };
		A907F45D2BB62FC600F0C500 /* MainWindow.swift in Sources */ = {isa = PBXBuildFile; fileRef = A907F45C2BB62FC600F0C500 /* MainWindow.swift */; };
		A907F45F2BB6329200F0C500 /* MainWindowController.swift in Sources */ = {isa = PBXBuildFile; fileRef = A907F45E2BB6329200F0C500 /* MainWindowController.swift */; };
		A907F4622BB642B900F0C500 /* MainViewModel.swift in Sources */ = {isa = PBXBuildFile; fileRef = A907F4612BB642B900F0C500 /* MainViewModel.swift */; };
		A907F4652BB653AA00F0C500 /* NumberWindow.swift in Sources */ = {isa = PBXBuildFile; fileRef = A907F4642BB653AA00F0C500 /* NumberWindow.swift */; };
		A907F4672BB6867400F0C500 /* NumberWindowController.storyboard in Resources */ = {isa = PBXBuildFile; fileRef = A907F4662BB6867400F0C500 /* NumberWindowController.storyboard */; };
		A907F4692BB686BC00F0C500 /* NumberWindowController.swift in Sources */ = {isa = PBXBuildFile; fileRef = A907F4682BB686BC00F0C500 /* NumberWindowController.swift */; };
		A907F46B2BB686CA00F0C500 /* NumberViewController.swift in Sources */ = {isa = PBXBuildFile; fileRef = A907F46A2BB686CA00F0C500 /* NumberViewController.swift */; };
		A907F46E2BB6903000F0C500 /* KeyEventView.swift in Sources */ = {isa = PBXBuildFile; fileRef = A907F46D2BB6903000F0C500 /* KeyEventView.swift */; };
/* End PBXBuildFile section */

/* Begin PBXFileReference section */
		A907F4482BB6268900F0C500 /* TrackMix.app */ = {isa = PBXFileReference; explicitFileType = wrapper.application; includeInIndex = 0; path = TrackMix.app; sourceTree = BUILT_PRODUCTS_DIR; };
		A907F44B2BB6268900F0C500 /* AppDelegate.swift */ = {isa = PBXFileReference; lastKnownFileType = sourcecode.swift; path = AppDelegate.swift; sourceTree = "<group>"; };
		A907F44D2BB6268900F0C500 /* MainViewController.swift */ = {isa = PBXFileReference; lastKnownFileType = sourcecode.swift; path = MainViewController.swift; sourceTree = "<group>"; };
		A907F44F2BB6268C00F0C500 /* Assets.xcassets */ = {isa = PBXFileReference; lastKnownFileType = folder.assetcatalog; path = Assets.xcassets; sourceTree = "<group>"; };
		A907F4522BB6268C00F0C500 /* Base */ = {isa = PBXFileReference; lastKnownFileType = file.storyboard; name = Base; path = Base.lproj/Main.storyboard; sourceTree = "<group>"; };
		A907F4542BB6268C00F0C500 /* TrackMix.entitlements */ = {isa = PBXFileReference; lastKnownFileType = text.plist.entitlements; path = TrackMix.entitlements; sourceTree = "<group>"; };
		A907F45C2BB62FC600F0C500 /* MainWindow.swift */ = {isa = PBXFileReference; lastKnownFileType = sourcecode.swift; path = MainWindow.swift; sourceTree = "<group>"; };
		A907F45E2BB6329200F0C500 /* MainWindowController.swift */ = {isa = PBXFileReference; lastKnownFileType = sourcecode.swift; path = MainWindowController.swift; sourceTree = "<group>"; };
		A907F4612BB642B900F0C500 /* MainViewModel.swift */ = {isa = PBXFileReference; lastKnownFileType = sourcecode.swift; path = MainViewModel.swift; sourceTree = "<group>"; };
		A907F4642BB653AA00F0C500 /* NumberWindow.swift */ = {isa = PBXFileReference; lastKnownFileType = sourcecode.swift; path = NumberWindow.swift; sourceTree = "<group>"; };
		A907F4662BB6867400F0C500 /* NumberWindowController.storyboard */ = {isa = PBXFileReference; lastKnownFileType = file.storyboard; path = NumberWindowController.storyboard; sourceTree = "<group>"; };
		A907F4682BB686BC00F0C500 /* NumberWindowController.swift */ = {isa = PBXFileReference; lastKnownFileType = sourcecode.swift; path = NumberWindowController.swift; sourceTree = "<group>"; };
		A907F46A2BB686CA00F0C500 /* NumberViewController.swift */ = {isa = PBXFileReference; lastKnownFileType = sourcecode.swift; path = NumberViewController.swift; sourceTree = "<group>"; };
		A907F46D2BB6903000F0C500 /* KeyEventView.swift */ = {isa = PBXFileReference; lastKnownFileType = sourcecode.swift; path = KeyEventView.swift; sourceTree = "<group>"; };
/* End PBXFileReference section */

/* Begin PBXFrameworksBuildPhase section */
		A907F4452BB6268900F0C500 /* Frameworks */ = {
			isa = PBXFrameworksBuildPhase;
			buildActionMask = 2147483647;
			files = (
			);
			runOnlyForDeploymentPostprocessing = 0;
		};
/* End PBXFrameworksBuildPhase section */

/* Begin PBXGroup section */
		A907F43F2BB6268800F0C500 = {
			isa = PBXGroup;
			children = (
				A907F44A2BB6268900F0C500 /* TrackMix */,
				A907F4492BB6268900F0C500 /* Products */,
			);
			sourceTree = "<group>";
		};
		A907F4492BB6268900F0C500 /* Products */ = {
			isa = PBXGroup;
			children = (
				A907F4482BB6268900F0C500 /* TrackMix.app */,
			);
			name = Products;
			sourceTree = "<group>";
		};
		A907F44A2BB6268900F0C500 /* TrackMix */ = {
			isa = PBXGroup;
			children = (
				A907F4602BB6338100F0C500 /* Resources */,
				A907F45A2BB62FB600F0C500 /* Presentation */,
				A907F44B2BB6268900F0C500 /* AppDelegate.swift */,
			);
			path = TrackMix;
			sourceTree = "<group>";
		};
		A907F45A2BB62FB600F0C500 /* Presentation */ = {
			isa = PBXGroup;
			children = (
				A907F46C2BB6902700F0C500 /* Util */,
				A907F4632BB6539900F0C500 /* Number */,
				A907F45B2BB62FBD00F0C500 /* Main */,
			);
			path = Presentation;
			sourceTree = "<group>";
		};
		A907F45B2BB62FBD00F0C500 /* Main */ = {
			isa = PBXGroup;
			children = (
				A907F4512BB6268C00F0C500 /* Main.storyboard */,
				A907F45C2BB62FC600F0C500 /* MainWindow.swift */,
				A907F45E2BB6329200F0C500 /* MainWindowController.swift */,
				A907F44D2BB6268900F0C500 /* MainViewController.swift */,
				A907F4612BB642B900F0C500 /* MainViewModel.swift */,
			);
			path = Main;
			sourceTree = "<group>";
		};
		A907F4602BB6338100F0C500 /* Resources */ = {
			isa = PBXGroup;
			children = (
				A907F4542BB6268C00F0C500 /* TrackMix.entitlements */,
				A907F44F2BB6268C00F0C500 /* Assets.xcassets */,
			);
			path = Resources;
			sourceTree = "<group>";
		};
		A907F4632BB6539900F0C500 /* Number */ = {
			isa = PBXGroup;
			children = (
				A907F46A2BB686CA00F0C500 /* NumberViewController.swift */,
				A907F4682BB686BC00F0C500 /* NumberWindowController.swift */,
				A907F4642BB653AA00F0C500 /* NumberWindow.swift */,
				A907F4662BB6867400F0C500 /* NumberWindowController.storyboard */,
			);
			path = Number;
			sourceTree = "<group>";
		};
		A907F46C2BB6902700F0C500 /* Util */ = {
			isa = PBXGroup;
			children = (
				A907F46D2BB6903000F0C500 /* KeyEventView.swift */,
			);
			path = Util;
			sourceTree = "<group>";
		};
/* End PBXGroup section */

/* Begin PBXNativeTarget section */
		A907F4472BB6268900F0C500 /* TrackMix */ = {
			isa = PBXNativeTarget;
			buildConfigurationList = A907F4572BB6268C00F0C500 /* Build configuration list for PBXNativeTarget "TrackMix" */;
			buildPhases = (
				A907F4442BB6268900F0C500 /* Sources */,
				A907F4452BB6268900F0C500 /* Frameworks */,
				A907F4462BB6268900F0C500 /* Resources */,
			);
			buildRules = (
			);
			dependencies = (
			);
			name = TrackMix;
			productName = TrackMix;
			productReference = A907F4482BB6268900F0C500 /* TrackMix.app */;
			productType = "com.apple.product-type.application";
		};
/* End PBXNativeTarget section */

/* Begin PBXProject section */
		A907F4402BB6268800F0C500 /* Project object */ = {
			isa = PBXProject;
			attributes = {
				BuildIndependentTargetsInParallel = 1;
				LastSwiftUpdateCheck = 1520;
				LastUpgradeCheck = 1520;
				TargetAttributes = {
					A907F4472BB6268900F0C500 = {
						CreatedOnToolsVersion = 15.2;
					};
				};
			};
			buildConfigurationList = A907F4432BB6268800F0C500 /* Build configuration list for PBXProject "TrackMix" */;
			compatibilityVersion = "Xcode 14.0";
			developmentRegion = en;
			hasScannedForEncodings = 0;
			knownRegions = (
				en,
				Base,
			);
			mainGroup = A907F43F2BB6268800F0C500;
			productRefGroup = A907F4492BB6268900F0C500 /* Products */;
			projectDirPath = "";
			projectRoot = "";
			targets = (
				A907F4472BB6268900F0C500 /* TrackMix */,
			);
		};
/* End PBXProject section */

/* Begin PBXResourcesBuildPhase section */
		A907F4462BB6268900F0C500 /* Resources */ = {
			isa = PBXResourcesBuildPhase;
			buildActionMask = 2147483647;
			files = (
				A907F4672BB6867400F0C500 /* NumberWindowController.storyboard in Resources */,
				A907F4502BB6268C00F0C500 /* Assets.xcassets in Resources */,
				A907F4532BB6268C00F0C500 /* Main.storyboard in Resources */,
			);
			runOnlyForDeploymentPostprocessing = 0;
		};
/* End PBXResourcesBuildPhase section */

/* Begin PBXSourcesBuildPhase section */
		A907F4442BB6268900F0C500 /* Sources */ = {
			isa = PBXSourcesBuildPhase;
			buildActionMask = 2147483647;
			files = (
				A907F4652BB653AA00F0C500 /* NumberWindow.swift in Sources */,
				A907F4622BB642B900F0C500 /* MainViewModel.swift in Sources */,
				A907F46E2BB6903000F0C500 /* KeyEventView.swift in Sources */,
				A907F44E2BB6268900F0C500 /* MainViewController.swift in Sources */,
				A907F45D2BB62FC600F0C500 /* MainWindow.swift in Sources */,
				A907F45F2BB6329200F0C500 /* MainWindowController.swift in Sources */,
				A907F46B2BB686CA00F0C500 /* NumberViewController.swift in Sources */,
				A907F44C2BB6268900F0C500 /* AppDelegate.swift in Sources */,
				A907F4692BB686BC00F0C500 /* NumberWindowController.swift in Sources */,
			);
			runOnlyForDeploymentPostprocessing = 0;
		};
/* End PBXSourcesBuildPhase section */

/* Begin PBXVariantGroup section */
		A907F4512BB6268C00F0C500 /* Main.storyboard */ = {
			isa = PBXVariantGroup;
			children = (
				A907F4522BB6268C00F0C500 /* Base */,
			);
			name = Main.storyboard;
			sourceTree = "<group>";
		};
/* End PBXVariantGroup section */

/* Begin XCBuildConfiguration section */
		A907F4552BB6268C00F0C500 /* Debug */ = {
			isa = XCBuildConfiguration;
			buildSettings = {
				ALWAYS_SEARCH_USER_PATHS = NO;
				ASSETCATALOG_COMPILER_GENERATE_SWIFT_ASSET_SYMBOL_EXTENSIONS = YES;
				CLANG_ANALYZER_NONNULL = YES;
				CLANG_ANALYZER_NUMBER_OBJECT_CONVERSION = YES_AGGRESSIVE;
				CLANG_CXX_LANGUAGE_STANDARD = "gnu++20";
				CLANG_ENABLE_MODULES = YES;
				CLANG_ENABLE_OBJC_ARC = YES;
				CLANG_ENABLE_OBJC_WEAK = YES;
				CLANG_WARN_BLOCK_CAPTURE_AUTORELEASING = YES;
				CLANG_WARN_BOOL_CONVERSION = YES;
				CLANG_WARN_COMMA = YES;
				CLANG_WARN_CONSTANT_CONVERSION = YES;
				CLANG_WARN_DEPRECATED_OBJC_IMPLEMENTATIONS = YES;
				CLANG_WARN_DIRECT_OBJC_ISA_USAGE = YES_ERROR;
				CLANG_WARN_DOCUMENTATION_COMMENTS = YES;
				CLANG_WARN_EMPTY_BODY = YES;
				CLANG_WARN_ENUM_CONVERSION = YES;
				CLANG_WARN_INFINITE_RECURSION = YES;
				CLANG_WARN_INT_CONVERSION = YES;
				CLANG_WARN_NON_LITERAL_NULL_CONVERSION = YES;
				CLANG_WARN_OBJC_IMPLICIT_RETAIN_SELF = YES;
				CLANG_WARN_OBJC_LITERAL_CONVERSION = YES;
				CLANG_WARN_OBJC_ROOT_CLASS = YES_ERROR;
				CLANG_WARN_QUOTED_INCLUDE_IN_FRAMEWORK_HEADER = YES;
				CLANG_WARN_RANGE_LOOP_ANALYSIS = YES;
				CLANG_WARN_STRICT_PROTOTYPES = YES;
				CLANG_WARN_SUSPICIOUS_MOVE = YES;
				CLANG_WARN_UNGUARDED_AVAILABILITY = YES_AGGRESSIVE;
				CLANG_WARN_UNREACHABLE_CODE = YES;
				CLANG_WARN__DUPLICATE_METHOD_MATCH = YES;
				COPY_PHASE_STRIP = NO;
				DEBUG_INFORMATION_FORMAT = dwarf;
				ENABLE_STRICT_OBJC_MSGSEND = YES;
				ENABLE_TESTABILITY = YES;
				ENABLE_USER_SCRIPT_SANDBOXING = YES;
				GCC_C_LANGUAGE_STANDARD = gnu17;
				GCC_DYNAMIC_NO_PIC = NO;
				GCC_NO_COMMON_BLOCKS = YES;
				GCC_OPTIMIZATION_LEVEL = 0;
				GCC_PREPROCESSOR_DEFINITIONS = (
					"DEBUG=1",
					"$(inherited)",
				);
				GCC_WARN_64_TO_32_BIT_CONVERSION = YES;
				GCC_WARN_ABOUT_RETURN_TYPE = YES_ERROR;
				GCC_WARN_UNDECLARED_SELECTOR = YES;
				GCC_WARN_UNINITIALIZED_AUTOS = YES_AGGRESSIVE;
				GCC_WARN_UNUSED_FUNCTION = YES;
				GCC_WARN_UNUSED_VARIABLE = YES;
				LOCALIZATION_PREFERS_STRING_CATALOGS = YES;
				MACOSX_DEPLOYMENT_TARGET = 14.2;
				MTL_ENABLE_DEBUG_INFO = INCLUDE_SOURCE;
				MTL_FAST_MATH = YES;
				ONLY_ACTIVE_ARCH = YES;
				SDKROOT = macosx;
				SWIFT_ACTIVE_COMPILATION_CONDITIONS = "DEBUG $(inherited)";
				SWIFT_OPTIMIZATION_LEVEL = "-Onone";
			};
			name = Debug;
		};
		A907F4562BB6268C00F0C500 /* Release */ = {
			isa = XCBuildConfiguration;
			buildSettings = {
				ALWAYS_SEARCH_USER_PATHS = NO;
				ASSETCATALOG_COMPILER_GENERATE_SWIFT_ASSET_SYMBOL_EXTENSIONS = YES;
				CLANG_ANALYZER_NONNULL = YES;
				CLANG_ANALYZER_NUMBER_OBJECT_CONVERSION = YES_AGGRESSIVE;
				CLANG_CXX_LANGUAGE_STANDARD = "gnu++20";
				CLANG_ENABLE_MODULES = YES;
				CLANG_ENABLE_OBJC_ARC = YES;
				CLANG_ENABLE_OBJC_WEAK = YES;
				CLANG_WARN_BLOCK_CAPTURE_AUTORELEASING = YES;
				CLANG_WARN_BOOL_CONVERSION = YES;
				CLANG_WARN_COMMA = YES;
				CLANG_WARN_CONSTANT_CONVERSION = YES;
				CLANG_WARN_DEPRECATED_OBJC_IMPLEMENTATIONS = YES;
				CLANG_WARN_DIRECT_OBJC_ISA_USAGE = YES_ERROR;
				CLANG_WARN_DOCUMENTATION_COMMENTS = YES;
				CLANG_WARN_EMPTY_BODY = YES;
				CLANG_WARN_ENUM_CONVERSION = YES;
				CLANG_WARN_INFINITE_RECURSION = YES;
				CLANG_WARN_INT_CONVERSION = YES;
				CLANG_WARN_NON_LITERAL_NULL_CONVERSION = YES;
				CLANG_WARN_OBJC_IMPLICIT_RETAIN_SELF = YES;
				CLANG_WARN_OBJC_LITERAL_CONVERSION = YES;
				CLANG_WARN_OBJC_ROOT_CLASS = YES_ERROR;
				CLANG_WARN_QUOTED_INCLUDE_IN_FRAMEWORK_HEADER = YES;
				CLANG_WARN_RANGE_LOOP_ANALYSIS = YES;
				CLANG_WARN_STRICT_PROTOTYPES = YES;
				CLANG_WARN_SUSPICIOUS_MOVE = YES;
				CLANG_WARN_UNGUARDED_AVAILABILITY = YES_AGGRESSIVE;
				CLANG_WARN_UNREACHABLE_CODE = YES;
				CLANG_WARN__DUPLICATE_METHOD_MATCH = YES;
				COPY_PHASE_STRIP = NO;
				DEBUG_INFORMATION_FORMAT = "dwarf-with-dsym";
				ENABLE_NS_ASSERTIONS = NO;
				ENABLE_STRICT_OBJC_MSGSEND = YES;
				ENABLE_USER_SCRIPT_SANDBOXING = YES;
				GCC_C_LANGUAGE_STANDARD = gnu17;
				GCC_NO_COMMON_BLOCKS = YES;
				GCC_WARN_64_TO_32_BIT_CONVERSION = YES;
				GCC_WARN_ABOUT_RETURN_TYPE = YES_ERROR;
				GCC_WARN_UNDECLARED_SELECTOR = YES;
				GCC_WARN_UNINITIALIZED_AUTOS = YES_AGGRESSIVE;
				GCC_WARN_UNUSED_FUNCTION = YES;
				GCC_WARN_UNUSED_VARIABLE = YES;
				LOCALIZATION_PREFERS_STRING_CATALOGS = YES;
				MACOSX_DEPLOYMENT_TARGET = 14.2;
				MTL_ENABLE_DEBUG_INFO = NO;
				MTL_FAST_MATH = YES;
				SDKROOT = macosx;
				SWIFT_COMPILATION_MODE = wholemodule;
			};
			name = Release;
		};
		A907F4582BB6268C00F0C500 /* Debug */ = {
			isa = XCBuildConfiguration;
			buildSettings = {
				ASSETCATALOG_COMPILER_APPICON_NAME = AppIcon;
				ASSETCATALOG_COMPILER_GLOBAL_ACCENT_COLOR_NAME = AccentColor;
				CODE_SIGN_ENTITLEMENTS = TrackMix/Resources/TrackMix.entitlements;
				CODE_SIGN_STYLE = Automatic;
				COMBINE_HIDPI_IMAGES = YES;
				CURRENT_PROJECT_VERSION = 1;
				DEVELOPMENT_TEAM = FJAA2F3LCL;
				ENABLE_HARDENED_RUNTIME = YES;
				GENERATE_INFOPLIST_FILE = YES;
				INFOPLIST_KEY_NSHumanReadableCopyright = "";
				INFOPLIST_KEY_NSMainStoryboardFile = Main;
				INFOPLIST_KEY_NSPrincipalClass = NSApplication;
				LD_RUNPATH_SEARCH_PATHS = (
					"$(inherited)",
					"@executable_path/../Frameworks",
				);
				MARKETING_VERSION = 1.0;
				PRODUCT_BUNDLE_IDENTIFIER = com.ricardosm.TrackMix;
				PRODUCT_NAME = "$(TARGET_NAME)";
				SWIFT_EMIT_LOC_STRINGS = YES;
				SWIFT_VERSION = 5.0;
			};
			name = Debug;
		};
		A907F4592BB6268C00F0C500 /* Release */ = {
			isa = XCBuildConfiguration;
			buildSettings = {
				ASSETCATALOG_COMPILER_APPICON_NAME = AppIcon;
				ASSETCATALOG_COMPILER_GLOBAL_ACCENT_COLOR_NAME = AccentColor;
				CODE_SIGN_ENTITLEMENTS = TrackMix/Resources/TrackMix.entitlements;
				CODE_SIGN_STYLE = Automatic;
				COMBINE_HIDPI_IMAGES = YES;
				CURRENT_PROJECT_VERSION = 1;
				DEVELOPMENT_TEAM = FJAA2F3LCL;
				ENABLE_HARDENED_RUNTIME = YES;
				GENERATE_INFOPLIST_FILE = YES;
				INFOPLIST_KEY_NSHumanReadableCopyright = "";
				INFOPLIST_KEY_NSMainStoryboardFile = Main;
				INFOPLIST_KEY_NSPrincipalClass = NSApplication;
				LD_RUNPATH_SEARCH_PATHS = (
					"$(inherited)",
					"@executable_path/../Frameworks",
				);
				MARKETING_VERSION = 1.0;
				PRODUCT_BUNDLE_IDENTIFIER = com.ricardosm.TrackMix;
				PRODUCT_NAME = "$(TARGET_NAME)";
				SWIFT_EMIT_LOC_STRINGS = YES;
				SWIFT_VERSION = 5.0;
			};
			name = Release;
		};
/* End XCBuildConfiguration section */

/* Begin XCConfigurationList section */
		A907F4432BB6268800F0C500 /* Build configuration list for PBXProject "TrackMix" */ = {
			isa = XCConfigurationList;
			buildConfigurations = (
				A907F4552BB6268C00F0C500 /* Debug */,
				A907F4562BB6268C00F0C500 /* Release */,
			);
			defaultConfigurationIsVisible = 0;
			defaultConfigurationName = Release;
		};
		A907F4572BB6268C00F0C500 /* Build configuration list for PBXNativeTarget "TrackMix" */ = {
			isa = XCConfigurationList;
			buildConfigurations = (
				A907F4582BB6268C00F0C500 /* Debug */,
				A907F4592BB6268C00F0C500 /* Release */,
			);
			defaultConfigurationIsVisible = 0;
			defaultConfigurationName = Release;
		};
/* End XCConfigurationList section */
	};
	rootObject = A907F4402BB6268800F0C500 /* Project object */;
}
